
Microsoft Visual Studio Solution File, Format Version 12.00
# Visual Studio Version 17
VisualStudioVersion = 17.14.37710.0 d17.14
MinimumVisualStudioVersion = 10.0.40219.1
Project("{FAE04EC0-301F-11D3-BF4B-00C04F79EFBC}") = "HospitalAppointmentSystem", "HospitalAppointmentSystem\HospitalAppointmentSystem.csproj", "{CB4FDFE8-8316-4FC7-A475-AE1DBFE7EA8D}"
EndProject
Global
	GlobalSection(SolutionConfigurationPlatforms) = preSolution
		Debug|Any CPU = Debug|Any CPU
		Release|Any CPU = Release|Any CPU
	EndGlobalSection
	GlobalSection(ProjectConfigurationPlatforms) = postSolution
		{CB4FDFE8-8316-4FC7-A475-AE1DBFE7EA8D}.Debug|Any CPU.ActiveCfg = Debug|Any CPU
		{CB4FDFE8-8316-4FC7-A475-AE1DBFE7EA8D}.Debug|Any CPU.Build.0 = Debug|Any CPU
		{CB4FDFE8-8316-4FC7-A475-AE1DBFE7EA8D}.Release|Any CPU.ActiveCfg = Release|Any CPU
		{CB4FDFE8-8316-4FC7-A475-AE1DBFE7EA8D}.Release|Any CPU.Build.0 = Release|Any CPU
	EndGlobalSection
	GlobalSection(SolutionProperties) = preSolution
		HideSolutionNode = FALSE
	EndGlobalSection
	GlobalSection(ExtensibilityGlobals) = postSolution
		SolutionGuid = {FA1B7DD9-F46F-43CD-94A0-C9808F989289}
	EndGlobalSection
EndGlobal
